
Microsoft Visual Studio Solution File, Format Version 12.00
# Visual Studio Version 16
VisualStudioVersion = 16.0.29519.181
MinimumVisualStudioVersion = 10.0.40219.1
Project("{FAE04EC0-301F-11D3-BF4B-00C04F79EFBC}") = "exercisedatabase", "exercisedatabase\exercisedatabase.csproj", "{F22D2B5D-3D65-42AA-A8F4-3EF80912F86A}"
EndProject
Global
	GlobalSection(SolutionConfigurationPlatforms) = preSolution
		Debug|Any CPU = Debug|Any CPU
		Release|Any CPU = Release|Any CPU
	EndGlobalSection
	GlobalSection(ProjectConfigurationPlatforms) = postSolution
		{F22D2B5D-3D65-42AA-A8F4-3EF80912F86A}.Debug|Any CPU.ActiveCfg = Debug|Any CPU
		{F22D2B5D-3D65-42AA-A8F4-3EF80912F86A}.Debug|Any CPU.Build.0 = Debug|Any CPU
		{F22D2B5D-3D65-42AA-A8F4-3EF80912F86A}.Debug|Any CPU.Deploy.0 = Debug|Any CPU
		{F22D2B5D-3D65-42AA-A8F4-3EF80912F86A}.Release|Any CPU.ActiveCfg = Release|Any CPU
		{F22D2B5D-3D65-42AA-A8F4-3EF80912F86A}.Release|Any CPU.Build.0 = Release|Any CPU
		{F22D2B5D-3D65-42AA-A8F4-3EF80912F86A}.Release|Any CPU.Deploy.0 = Release|Any CPU
	EndGlobalSection
	GlobalSection(SolutionProperties) = preSolution
		HideSolutionNode = FALSE
	EndGlobalSection
	GlobalSection(ExtensibilityGlobals) = postSolution
		SolutionGuid = {B914E2AC-431B-4DA4-ABBE-707152AE4C7A}
	EndGlobalSection
EndGlobal
